{
  "name": "joemancera",
  "version": "1.0.0",
  "lockfileVersion": 2,
  "requires": true,
  "packages": {
    "": {
      "name": "joemancera",
      "version": "1.0.0",
      "license": "ISC",
      "devDependencies": {
        "@parcel/css": "^1.7.4",
        "@parcel/css-cli": "^1.7.4"
      }
    },
    "node_modules/@parcel/css": {
      "version": "1.7.4",
      "resolved": "https://registry.npmjs.org/@parcel/css/-/css-1.7.4.tgz",
      "integrity": "sha512-K1N9mxEkWQQmSINMNuGvlyPq7yCY+AtHskGxWav97lhu2i8GMMXRV9kc8/x/jkZh5KDBWO5vHhdQiujRBrgR8g==",
      "dev": true,
      "dependencies": {
        "detect-libc": "^1.0.3"
      },
      "engines": {
        "node": ">= 12.0.0"
      },
      "funding": {
        "type": "opencollective",
        "url": "https://opencollective.com/parcel"
      },
      "optionalDependencies": {
        "@parcel/css-darwin-arm64": "1.7.4",
        "@parcel/css-darwin-x64": "1.7.4",
        "@parcel/css-linux-arm-gnueabihf": "1.7.4",
        "@parcel/css-linux-arm64-gnu": "1.7.4",
        "@parcel/css-linux-arm64-musl": "1.7.4",
        "@parcel/css-linux-x64-gnu": "1.7.4",
        "@parcel/css-linux-x64-musl": "1.7.4",
        "@parcel/css-win32-x64-msvc": "1.7.4"
      }
    },
    "node_modules/@parcel/css-cli": {
      "version": "1.7.4",
      "resolved": "https://registry.npmjs.org/@parcel/css-cli/-/css-cli-1.7.4.tgz",
      "integrity": "sha512-PLC4EXfY8024MrWtIxrXj5ak75d3nv4NuBJWyETBbVtzQjz97AKkHqOtIS8gSB+kMdnanS8IXs+KRq1ft+JPRA==",
      "dev": true,
      "hasInstallScript": true,
      "dependencies": {
        "detect-libc": "^1.0.3"
      },
      "bin": {
        "parcel-css": "parcel_css"
      },
      "engines": {
        "node": ">= 12.0.0"
      },
      "funding": {
        "type": "opencollective",
        "url": "https://opencollective.com/parcel"
      },
      "optionalDependencies": {
        "@parcel/css-cli-darwin-arm64": "1.7.4",
        "@parcel/css-cli-darwin-x64": "1.7.4",
        "@parcel/css-cli-linux-arm-gnueabihf": "1.7.4",
        "@parcel/css-cli-linux-arm64-gnu": "1.7.4",
        "@parcel/css-cli-linux-arm64-musl": "1.7.4",
        "@parcel/css-cli-linux-x64-gnu": "1.7.4",
        "@parcel/css-cli-linux-x64-musl": "1.7.4",
        "@parcel/css-cli-win32-x64-msvc": "1.7.4"
      }
    },
    "node_modules/@parcel/css-cli-darwin-arm64": {
      "version": "1.7.4",
      "resolved": "https://registry.npmjs.org/@parcel/css-cli-darwin-arm64/-/css-cli-darwin-arm64-1.7.4.tgz",
      "integrity": "sha512-zhMbgHuy5EfTZI0h1z6iYnX0J9ou9mAvVPXnZPQC2EvPny4Ya+XZOE3PeOWx4vYtRER8CcmqODsckrCLNM5YFg==",
      "cpu": [
        "arm64"
      ],
      "dev": true,
      "optional": true,
      "os": [
        "darwin"
      ],
      "engines": {
        "node": ">= 12.0.0"
      },
      "funding": {
        "type": "opencollective",
        "url": "https://opencollective.com/parcel"
      }
    },
    "node_modules/@parcel/css-cli-darwin-x64": {
      "version": "1.7.4",
      "resolved": "https://registry.npmjs.org/@parcel/css-cli-darwin-x64/-/css-cli-darwin-x64-1.7.4.tgz",
      "integrity": "sha512-+9oSkJlzzNnyC6soNKWJXb8ZX9coHtl5B2zgXId8h0kfsxDvzOnVhPem0KuY/nDRYedDViBMwUxIF1ZBdligMA==",
      "cpu": [
        "x64"
      ],
      "dev": true,
      "optional": true,
      "os": [
        "darwin"
      ],
      "engines": {
        "node": ">= 12.0.0"
      },
      "funding": {
        "type": "opencollective",
        "url": "https://opencollective.com/parcel"
      }
    },
    "node_modules/@parcel/css-cli-linux-arm-gnueabihf": {
      "version": "1.7.4",
      "resolved": "https://registry.npmjs.org/@parcel/css-cli-linux-arm-gnueabihf/-/css-cli-linux-arm-gnueabihf-1.7.4.tgz",
      "integrity": "sha512-lwKZdBcd7PXUWiPANKLfrzXBf8zFQdOVVpPi0yTG61aSHmDbQmSMXVzyOGKG7Sbj4xV/N7RgvYBxaXY3qKuhtQ==",
      "cpu": [
        "arm"
      ],
      "dev": true,
      "optional": true,
      "os": [
        "linux"
      ],
      "engines": {
        "node": ">= 12.0.0"
      },
      "funding": {
        "type": "opencollective",
        "url": "https://opencollective.com/parcel"
      }
    },
    "node_modules/@parcel/css-cli-linux-arm64-gnu": {
      "version": "1.7.4",
      "resolved": "https://registry.npmjs.org/@parcel/css-cli-linux-arm64-gnu/-/css-cli-linux-arm64-gnu-1.7.4.tgz",
      "integrity": "sha512-v6OrggwRlsztZskdFlWQ/9j0O6br5qdhRbkjdy2MlWrPHOj23E9J9g7eDOht1aXcsd/Z6GY+iBg4+pi+Cs9m8w==",
      "cpu": [
        "arm64"
      ],
      "dev": true,
      "optional": true,
      "os": [
        "linux"
      ],
      "engines": {
        "node": ">= 12.0.0"
      },
      "funding": {
        "type": "opencollective",
        "url": "https://opencollective.com/parcel"
      }
    },
    "node_modules/@parcel/css-cli-linux-arm64-musl": {
      "version": "1.7.4",
      "resolved": "https://registry.npmjs.org/@parcel/css-cli-linux-arm64-musl/-/css-cli-linux-arm64-musl-1.7.4.tgz",
      "integrity": "sha512-a6fcVG1Jck161kfNdFAcisimk07b8O7n/xBujuoPIZ/mH9NPYf/k/8pIIExMD4mfG2f03UAu087e0qjliqgJeA==",
      "cpu": [
        "arm64"
      ],
      "dev": true,
      "optional": true,
      "os": [
        "linux"
      ],
      "engines": {
        "node": ">= 12.0.0"
      },
      "funding": {
        "type": "opencollective",
        "url": "https://opencollective.com/parcel"
      }
    },
    "node_modules/@parcel/css-cli-linux-x64-gnu": {
      "version": "1.7.4",
      "resolved": "https://registry.npmjs.org/@parcel/css-cli-linux-x64-gnu/-/css-cli-linux-x64-gnu-1.7.4.tgz",
      "integrity": "sha512-Io3bD2/GgxfFP723I5bQd0hZBKPQp1ITUkGuV8MxII2zchHxNqq7DJHRRB7FuSUFR72eyNXmmY5zFeMoXllbAg==",
      "cpu": [
        "x64"
      ],
      "dev": true,
      "optional": true,
      "os": [
        "linux"
      ],
      "engines": {
        "node": ">= 12.0.0"
      },
      "funding": {
        "type": "opencollective",
        "url": "https://opencollective.com/parcel"
      }
    },
    "node_modules/@parcel/css-cli-linux-x64-musl": {
      "version": "1.7.4",
      "resolved": "https://registry.npmjs.org/@parcel/css-cli-linux-x64-musl/-/css-cli-linux-x64-musl-1.7.4.tgz",
      "integrity": "sha512-jeiy0Qzbw8vczi3KmPGsq3efv6g9Am6Y5RS05LO134OGiowsUhwb280Z+WIupKxkSgjHZchZucCaQNH/APNfKA==",
      "cpu": [
        "x64"
      ],
      "dev": true,
      "optional": true,
      "os": [
        "linux"
      ],
      "engines": {
        "node": ">= 12.0.0"
      },
      "funding": {
        "type": "opencollective",
        "url": "https://opencollective.com/parcel"
      }
    },
    "node_modules/@parcel/css-cli-win32-x64-msvc": {
      "version": "1.7.4",
      "resolved": "https://registry.npmjs.org/@parcel/css-cli-win32-x64-msvc/-/css-cli-win32-x64-msvc-1.7.4.tgz",
      "integrity": "sha512-X/4pBJJxDwLvesJCUaODT0HnMxAIAudglmgww/yet+u9VO4WcuoPrU7WTbsIzIzFMho9fWevxQJLL92RzJ4eAQ==",
      "cpu": [
        "x64"
      ],
      "dev": true,
      "optional": true,
      "os": [
        "win32"
      ],
      "engines": {
        "node": ">= 12.0.0"
      },
      "funding": {
        "type": "opencollective",
        "url": "https://opencollective.com/parcel"
      }
    },
    "node_modules/@parcel/css-darwin-arm64": {
      "version": "1.7.4",
      "resolved": "https://registry.npmjs.org/@parcel/css-darwin-arm64/-/css-darwin-arm64-1.7.4.tgz",
      "integrity": "sha512-fA+aBZAAgXSV7jUQFRYuKpJr5EEqNq++mFu4o/pU/lBFMJhL6Z11aqzrBecC1JziWT3t/BgryWdznf1QkNtM4w==",
      "cpu": [
        "arm64"
      ],
      "dev": true,
      "optional": true,
      "os": [
        "darwin"
      ],
      "engines": {
        "node": ">= 12.0.0"
      },
      "funding": {
        "type": "opencollective",
        "url": "https://opencollective.com/parcel"
      }
    },
    "node_modules/@parcel/css-darwin-x64": {
      "version": "1.7.4",
      "resolved": "https://registry.npmjs.org/@parcel/css-darwin-x64/-/css-darwin-x64-1.7.4.tgz",
      "integrity": "sha512-qx/+vEXSmed7eeBgVvV/1lrEjk8KnKUiAN+CCes8d6ddJJzK5evTKQsWkywe1jNdHC33d2mlLlhLFmC2+2IPOw==",
      "cpu": [
        "x64"
      ],
      "dev": true,
      "optional": true,
      "os": [
        "darwin"
      ],
      "engines": {
        "node": ">= 12.0.0"
      },
      "funding": {
        "type": "opencollective",
        "url": "https://opencollective.com/parcel"
      }
    },
    "node_modules/@parcel/css-linux-arm-gnueabihf": {
      "version": "1.7.4",
      "resolved": "https://registry.npmjs.org/@parcel/css-linux-arm-gnueabihf/-/css-linux-arm-gnueabihf-1.7.4.tgz",
      "integrity": "sha512-+Qf+j8dqJ+t7V/w9LnyWBzNcMG/GnlzjlWNQhiUkt1aYFYPr5i/eRWuWLYxVlz8EGQOUbYlinDGLXTUJDt31gA==",
      "cpu": [
        "arm"
      ],
      "dev": true,
      "optional": true,
      "os": [
        "linux"
      ],
      "engines": {
        "node": ">= 12.0.0"
      },
      "funding": {
        "type": "opencollective",
        "url": "https://opencollective.com/parcel"
      }
    },
    "node_modules/@parcel/css-linux-arm64-gnu": {
      "version": "1.7.4",
      "resolved": "https://registry.npmjs.org/@parcel/css-linux-arm64-gnu/-/css-linux-arm64-gnu-1.7.4.tgz",
      "integrity": "sha512-ITP0HZT/Ay6JCgH3W7JpoRUYfciW+jBVBTjglZjYgyYPLLWk2J1kXB+qC3jHp5XCeH4feh7eFB1pyQcE7kqCjA==",
      "cpu": [
        "arm64"
      ],
      "dev": true,
      "optional": true,
      "os": [
        "linux"
      ],
      "engines": {
        "node": ">= 12.0.0"
      },
      "funding": {
        "type": "opencollective",
        "url": "https://opencollective.com/parcel"
      }
    },
    "node_modules/@parcel/css-linux-arm64-musl": {
      "version": "1.7.4",
      "resolved": "https://registry.npmjs.org/@parcel/css-linux-arm64-musl/-/css-linux-arm64-musl-1.7.4.tgz",
      "integrity": "sha512-or61QRhhpsDlHfrc73KP4bPwnnVZWni1jkuRv1mCi+0SzYzoaO190JEaj7VWh/boUvjGiIl//FsLoZleQIWKNA==",
      "cpu": [
        "arm64"
      ],
      "dev": true,
      "optional": true,
      "os": [
        "linux"
      ],
      "engines": {
        "node": ">= 12.0.0"
      },
      "funding": {
        "type": "opencollective",
        "url": "https://opencollective.com/parcel"
      }
    },
    "node_modules/@parcel/css-linux-x64-gnu": {
      "version": "1.7.4",
      "resolved": "https://registry.npmjs.org/@parcel/css-linux-x64-gnu/-/css-linux-x64-gnu-1.7.4.tgz",
      "integrity": "sha512-GHGsM06F26FAkvPcnsGw7NHxPVD7TQvg7OC7cVAYmETccO8mqs9DyRzBTevk+1kl7EQXNnHDojn7VpVN6q+phg==",
      "cpu": [
        "x64"
      ],
      "dev": true,
      "optional": true,
      "os": [
        "linux"
      ],
      "engines": {
        "node": ">= 12.0.0"
      },
      "funding": {
        "type": "opencollective",
        "url": "https://opencollective.com/parcel"
      }
    },
    "node_modules/@parcel/css-linux-x64-musl": {
      "version": "1.7.4",
      "resolved": "https://registry.npmjs.org/@parcel/css-linux-x64-musl/-/css-linux-x64-musl-1.7.4.tgz",
      "integrity": "sha512-H/9wvQ7LNqng9yIwulpfUUhs6zm9+vLCzri2qnC4vm8geyTjA0W0H5fphV8IlzNJ/DfHmoesJ+TXw5NG+QC9hg==",
      "cpu": [
        "x64"
      ],
      "dev": true,
      "optional": true,
      "os": [
        "linux"
      ],
      "engines": {
        "node": ">= 12.0.0"
      },
      "funding": {
        "type": "opencollective",
        "url": "https://opencollective.com/parcel"
      }
    },
    "node_modules/@parcel/css-win32-x64-msvc": {
      "version": "1.7.4",
      "resolved": "https://registry.npmjs.org/@parcel/css-win32-x64-msvc/-/css-win32-x64-msvc-1.7.4.tgz",
      "integrity": "sha512-xmg18iISCn1f9IyYUif6yR8FuEmi93qzH55oUiri5vZWuCY8xfraHsRA6i8yLWnxgDmVeHyiN0IICl7rgZo10A==",
      "cpu": [
        "x64"
      ],
      "dev": true,
      "optional": true,
      "os": [
        "win32"
      ],
      "engines": {
        "node": ">= 12.0.0"
      },
      "funding": {
        "type": "opencollective",
        "url": "https://opencollective.com/parcel"
      }
    },
    "node_modules/detect-libc": {
      "version": "1.0.3",
      "resolved": "https://registry.npmjs.org/detect-libc/-/detect-libc-1.0.3.tgz",
      "integrity": "sha1-+hN8S9aY7fVc1c0CrFWfkaTEups=",
      "dev": true,
      "bin": {
        "detect-libc": "bin/detect-libc.js"
      },
      "engines": {
        "node": ">=0.10"
      }
    }
  },
  "dependencies": {
    "@parcel/css": {
      "version": "1.7.4",
      "resolved": "https://registry.npmjs.org/@parcel/css/-/css-1.7.4.tgz",
      "integrity": "sha512-K1N9mxEkWQQmSINMNuGvlyPq7yCY+AtHskGxWav97lhu2i8GMMXRV9kc8/x/jkZh5KDBWO5vHhdQiujRBrgR8g==",
      "dev": true,
      "requires": {
        "@parcel/css-darwin-arm64": "1.7.4",
        "@parcel/css-darwin-x64": "1.7.4",
        "@parcel/css-linux-arm-gnueabihf": "1.7.4",
        "@parcel/css-linux-arm64-gnu": "1.7.4",
        "@parcel/css-linux-arm64-musl": "1.7.4",
        "@parcel/css-linux-x64-gnu": "1.7.4",
        "@parcel/css-linux-x64-musl": "1.7.4",
        "@parcel/css-win32-x64-msvc": "1.7.4",
        "detect-libc": "^1.0.3"
      }
    },
    "@parcel/css-cli": {
      "version": "1.7.4",
      "resolved": "https://registry.npmjs.org/@parcel/css-cli/-/css-cli-1.7.4.tgz",
      "integrity": "sha512-PLC4EXfY8024MrWtIxrXj5ak75d3nv4NuBJWyETBbVtzQjz97AKkHqOtIS8gSB+kMdnanS8IXs+KRq1ft+JPRA==",
      "dev": true,
      "requires": {
        "@parcel/css-cli-darwin-arm64": "1.7.4",
        "@parcel/css-cli-darwin-x64": "1.7.4",
        "@parcel/css-cli-linux-arm-gnueabihf": "1.7.4",
        "@parcel/css-cli-linux-arm64-gnu": "1.7.4",
        "@parcel/css-cli-linux-arm64-musl": "1.7.4",
        "@parcel/css-cli-linux-x64-gnu": "1.7.4",
        "@parcel/css-cli-linux-x64-musl": "1.7.4",
        "@parcel/css-cli-win32-x64-msvc": "1.7.4",
        "detect-libc": "^1.0.3"
      }
    },
    "@parcel/css-cli-darwin-arm64": {
      "version": "1.7.4",
      "resolved": "https://registry.npmjs.org/@parcel/css-cli-darwin-arm64/-/css-cli-darwin-arm64-1.7.4.tgz",
      "integrity": "sha512-zhMbgHuy5EfTZI0h1z6iYnX0J9ou9mAvVPXnZPQC2EvPny4Ya+XZOE3PeOWx4vYtRER8CcmqODsckrCLNM5YFg==",
      "dev": true,
      "optional": true
    },
    "@parcel/css-cli-darwin-x64": {
      "version": "1.7.4",
      "resolved": "https://registry.npmjs.org/@parcel/css-cli-darwin-x64/-/css-cli-darwin-x64-1.7.4.tgz",
      "integrity": "sha512-+9oSkJlzzNnyC6soNKWJXb8ZX9coHtl5B2zgXId8h0kfsxDvzOnVhPem0KuY/nDRYedDViBMwUxIF1ZBdligMA==",
      "dev": true,
      "optional": true
    },
    "@parcel/css-cli-linux-arm-gnueabihf": {
      "version": "1.7.4",
      "resolved": "https://registry.npmjs.org/@parcel/css-cli-linux-arm-gnueabihf/-/css-cli-linux-arm-gnueabihf-1.7.4.tgz",
      "integrity": "sha512-lwKZdBcd7PXUWiPANKLfrzXBf8zFQdOVVpPi0yTG61aSHmDbQmSMXVzyOGKG7Sbj4xV/N7RgvYBxaXY3qKuhtQ==",
      "dev": true,
      "optional": true
    },
    "@parcel/css-cli-linux-arm64-gnu": {
      "version": "1.7.4",
      "resolved": "https://registry.npmjs.org/@parcel/css-cli-linux-arm64-gnu/-/css-cli-linux-arm64-gnu-1.7.4.tgz",
      "integrity": "sha512-v6OrggwRlsztZskdFlWQ/9j0O6br5qdhRbkjdy2MlWrPHOj23E9J9g7eDOht1aXcsd/Z6GY+iBg4+pi+Cs9m8w==",
      "dev": true,
      "optional": true
    },
    "@parcel/css-cli-linux-arm64-musl": {
      "version": "1.7.4",
      "resolved": "https://registry.npmjs.org/@parcel/css-cli-linux-arm64-musl/-/css-cli-linux-arm64-musl-1.7.4.tgz",
      "integrity": "sha512-a6fcVG1Jck161kfNdFAcisimk07b8O7n/xBujuoPIZ/mH9NPYf/k/8pIIExMD4mfG2f03UAu087e0qjliqgJeA==",
      "dev": true,
      "optional": true
    },
    "@parcel/css-cli-linux-x64-gnu": {
      "version": "1.7.4",
      "resolved": "https://registry.npmjs.org/@parcel/css-cli-linux-x64-gnu/-/css-cli-linux-x64-gnu-1.7.4.tgz",
      "integrity": "sha512-Io3bD2/GgxfFP723I5bQd0hZBKPQp1ITUkGuV8MxII2zchHxNqq7DJHRRB7FuSUFR72eyNXmmY5zFeMoXllbAg==",
      "dev": true,
      "optional": true
    },
    "@parcel/css-cli-linux-x64-musl": {
      "version": "1.7.4",
      "resolved": "https://registry.npmjs.org/@parcel/css-cli-linux-x64-musl/-/css-cli-linux-x64-musl-1.7.4.tgz",
      "integrity": "sha512-jeiy0Qzbw8vczi3KmPGsq3efv6g9Am6Y5RS05LO134OGiowsUhwb280Z+WIupKxkSgjHZchZucCaQNH/APNfKA==",
      "dev": true,
      "optional": true
    },
    "@parcel/css-cli-win32-x64-msvc": {
      "version": "1.7.4",
      "resolved": "https://registry.npmjs.org/@parcel/css-cli-win32-x64-msvc/-/css-cli-win32-x64-msvc-1.7.4.tgz",
      "integrity": "sha512-X/4pBJJxDwLvesJCUaODT0HnMxAIAudglmgww/yet+u9VO4WcuoPrU7WTbsIzIzFMho9fWevxQJLL92RzJ4eAQ==",
      "dev": true,
      "optional": true
    },
    "@parcel/css-darwin-arm64": {
      "version": "1.7.4",
      "resolved": "https://registry.npmjs.org/@parcel/css-darwin-arm64/-/css-darwin-arm64-1.7.4.tgz",
      "integrity": "sha512-fA+aBZAAgXSV7jUQFRYuKpJr5EEqNq++mFu4o/pU/lBFMJhL6Z11aqzrBecC1JziWT3t/BgryWdznf1QkNtM4w==",
      "dev": true,
      "optional": true
    },
    "@parcel/css-darwin-x64": {
      "version": "1.7.4",
      "resolved": "https://registry.npmjs.org/@parcel/css-darwin-x64/-/css-darwin-x64-1.7.4.tgz",
      "integrity": "sha512-qx/+vEXSmed7eeBgVvV/1lrEjk8KnKUiAN+CCes8d6ddJJzK5evTKQsWkywe1jNdHC33d2mlLlhLFmC2+2IPOw==",
      "dev": true,
      "optional": true
    },
    "@parcel/css-linux-arm-gnueabihf": {
      "version": "1.7.4",
      "resolved": "https://registry.npmjs.org/@parcel/css-linux-arm-gnueabihf/-/css-linux-arm-gnueabihf-1.7.4.tgz",
      "integrity": "sha512-+Qf+j8dqJ+t7V/w9LnyWBzNcMG/GnlzjlWNQhiUkt1aYFYPr5i/eRWuWLYxVlz8EGQOUbYlinDGLXTUJDt31gA==",
      "dev": true,
      "optional": true
    },
    "@parcel/css-linux-arm64-gnu": {
      "version": "1.7.4",
      "resolved": "https://registry.npmjs.org/@parcel/css-linux-arm64-gnu/-/css-linux-arm64-gnu-1.7.4.tgz",
      "integrity": "sha512-ITP0HZT/Ay6JCgH3W7JpoRUYfciW+jBVBTjglZjYgyYPLLWk2J1kXB+qC3jHp5XCeH4feh7eFB1pyQcE7kqCjA==",
      "dev": true,
      "optional": true
    },
    "@parcel/css-linux-arm64-musl": {
      "version": "1.7.4",
      "resolved": "https://registry.npmjs.org/@parcel/css-linux-arm64-musl/-/css-linux-arm64-musl-1.7.4.tgz",
      "integrity": "sha512-or61QRhhpsDlHfrc73KP4bPwnnVZWni1jkuRv1mCi+0SzYzoaO190JEaj7VWh/boUvjGiIl//FsLoZleQIWKNA==",
      "dev": true,
      "optional": true
    },
    "@parcel/css-linux-x64-gnu": {
      "version": "1.7.4",
      "resolved": "https://registry.npmjs.org/@parcel/css-linux-x64-gnu/-/css-linux-x64-gnu-1.7.4.tgz",
      "integrity": "sha512-GHGsM06F26FAkvPcnsGw7NHxPVD7TQvg7OC7cVAYmETccO8mqs9DyRzBTevk+1kl7EQXNnHDojn7VpVN6q+phg==",
      "dev": true,
      "optional": true
    },
    "@parcel/css-linux-x64-musl": {
      "version": "1.7.4",
      "resolved": "https://registry.npmjs.org/@parcel/css-linux-x64-musl/-/css-linux-x64-musl-1.7.4.tgz",
      "integrity": "sha512-H/9wvQ7LNqng9yIwulpfUUhs6zm9+vLCzri2qnC4vm8geyTjA0W0H5fphV8IlzNJ/DfHmoesJ+TXw5NG+QC9hg==",
      "dev": true,
      "optional": true
    },
    "@parcel/css-win32-x64-msvc": {
      "version": "1.7.4",
      "resolved": "https://registry.npmjs.org/@parcel/css-win32-x64-msvc/-/css-win32-x64-msvc-1.7.4.tgz",
      "integrity": "sha512-xmg18iISCn1f9IyYUif6yR8FuEmi93qzH55oUiri5vZWuCY8xfraHsRA6i8yLWnxgDmVeHyiN0IICl7rgZo10A==",
      "dev": true,
      "optional": true
    },
    "detect-libc": {
      "version": "1.0.3",
      "resolved": "https://registry.npmjs.org/detect-libc/-/detect-libc-1.0.3.tgz",
      "integrity": "sha1-+hN8S9aY7fVc1c0CrFWfkaTEups=",
      "dev": true
    }
  }
}
